# THIS IS AN AUTOGENERATED FILE. DO NOT EDIT THIS FILE DIRECTLY.
# yarn lockfile v1


tether@^2.0.0:
  version "2.0.0"
  resolved "https://registry.yarnpkg.com/tether/-/tether-2.0.0.tgz#8ccb03992e71e2e913e6b1d4feb6be8cb49a4f79"
  integrity sha512-iAkyBhwILpLIvkwzO5w5WUBtpYwxvzLRTO+sbzF3Uy7X4zznsy73v2b4sOQHXE3CQHeSNtB/YMU2Nn9tocbeBQ==
